{
  "name": "ledger",
  "version": "1.0.0",
  "lockfileVersion": 1,
  "requires": true,
  "dependencies": {
    "@types/node": {
      "version": "14.0.14",
      "resolved": "http://npm.paypal.com/artifactory/api/npm/npm-all/@types/node/-/node-14.0.14.tgz",
      "integrity": "sha1-JKC1lZ8WrBQa6wxbPNehW3xky84=",
      "dev": true
    }
  }
}
